
Microsoft Visual Studio Solution File, Format Version 12.00
# Visual Studio Version 17
VisualStudioVersion = 17.3.32804.467
MinimumVisualStudioVersion = 10.0.40219.1
Project("{FAE04EC0-301F-11D3-BF4B-00C04F79EFBC}") = "LibraryConsoleApp", "LibraryConsoleApp\LibraryConsoleApp.csproj", "{7B9892C7-8E1A-4D52-AAE4-1B1A97D28C65}"
EndProject
Global
	GlobalSection(SolutionConfigurationPlatforms) = preSolution
		Debug|Any CPU = Debug|Any CPU
		Release|Any CPU = Release|Any CPU
	EndGlobalSection
	GlobalSection(ProjectConfigurationPlatforms) = postSolution
		{7B9892C7-8E1A-4D52-AAE4-1B1A97D28C65}.Debug|Any CPU.ActiveCfg = Debug|Any CPU
		{7B9892C7-8E1A-4D52-AAE4-1B1A97D28C65}.Debug|Any CPU.Build.0 = Debug|Any CPU
		{7B9892C7-8E1A-4D52-AAE4-1B1A97D28C65}.Release|Any CPU.ActiveCfg = Release|Any CPU
		{7B9892C7-8E1A-4D52-AAE4-1B1A97D28C65}.Release|Any CPU.Build.0 = Release|Any CPU
	EndGlobalSection
	GlobalSection(SolutionProperties) = preSolution
		HideSolutionNode = FALSE
	EndGlobalSection
	GlobalSection(ExtensibilityGlobals) = postSolution
		SolutionGuid = {BA353ADF-DA41-4DB7-87F5-30C605391535}
	EndGlobalSection
EndGlobal
